
Microsoft Visual Studio Solution File, Format Version 12.00
# Visual Studio Version 16
VisualStudioVersion = 16.0.31727.386
MinimumVisualStudioVersion = 10.0.40219.1
Project("{9A19103F-16F7-4668-BE54-9A1E7A4F7556}") = "JHIQUZ_HFT_2021221.Client", "JHIQUZ_HFT_2021221.Client\JHIQUZ_HFT_2021221.Client.csproj", "{94E51C9E-5FAF-48FC-8B21-E869D6982B68}"
EndProject
Project("{9A19103F-16F7-4668-BE54-9A1E7A4F7556}") = "JHIQUZ_HFT_2021221.Models", "JHIQUZ_HFT_2021221.Models\JHIQUZ_HFT_2021221.Models.csproj", "{F034E4D6-59DA-462D-8A3C-918D73C5595A}"
EndProject
Project("{9A19103F-16F7-4668-BE54-9A1E7A4F7556}") = "JHIQUZ_HFT_2021221.Data", "JHIQUZ_HFT_2021221.Data\JHIQUZ_HFT_2021221.Data.csproj", "{B25E36C3-99E5-4D67-B1F4-852CD2BBD023}"
EndProject
Project("{9A19103F-16F7-4668-BE54-9A1E7A4F7556}") = "JHIQUZ_HFT_2021221.Logic", "JHIQUZ_HFT_2021221.Logic\JHIQUZ_HFT_2021221.Logic.csproj", "{D933C03A-68ED-4894-9630-EDFBC5B72522}"
EndProject
Project("{9A19103F-16F7-4668-BE54-9A1E7A4F7556}") = "JHIQUZ_HFT_2021221.Repository", "JHIQUZ_HFT_2021221.Repository\JHIQUZ_HFT_2021221.Repository.csproj", "{6395C17A-B434-4584-B94A-70C37DDF2A63}"
EndProject
Project("{9A19103F-16F7-4668-BE54-9A1E7A4F7556}") = "JHIQUZ_HFT_2021221.Test", "JHIQUZ_HFT_2021221.Test\JHIQUZ_HFT_2021221.Test.csproj", "{52444FA2-9C66-4326-9460-6A7B724689C1}"
EndProject
Project("{9A19103F-16F7-4668-BE54-9A1E7A4F7556}") = "JHIQUZ_HFT_2021221.Endpoint", "JHIQUZ_HFT_2021221.Endpoint\JHIQUZ_HFT_2021221.Endpoint.csproj", "{1FC86AF8-D508-45E9-B02D-6D8B1BC76A8D}"
EndProject
Project("{2150E333-8FDC-42A3-9474-1A3956D46DE8}") = "Backend", "Backend", "{C84A15E9-C3E5-4C4A-8E39-82E0F2345EEC}"
EndProject
Project("{2150E333-8FDC-42A3-9474-1A3956D46DE8}") = "Frontend", "Frontend", "{6E50E0FD-1AE9-4B4D-9C90-F82C8D6F3372}"
EndProject
Project("{2150E333-8FDC-42A3-9474-1A3956D46DE8}") = "Shared", "Shared", "{36336692-A7A8-4FE9-8B18-68C8A14F792C}"
EndProject
Project("{2150E333-8FDC-42A3-9474-1A3956D46DE8}") = "Others", "Others", "{8EFCB9E4-0F32-466F-A0F3-FA5B1DA13601}"
	ProjectSection(SolutionItems) = preProject
		.gitignore = .gitignore
	EndProjectSection
EndProject
Global
	GlobalSection(SolutionConfigurationPlatforms) = preSolution
		Debug|Any CPU = Debug|Any CPU
		Release|Any CPU = Release|Any CPU
	EndGlobalSection
	GlobalSection(ProjectConfigurationPlatforms) = postSolution
		{94E51C9E-5FAF-48FC-8B21-E869D6982B68}.Debug|Any CPU.ActiveCfg = Debug|Any CPU
		{94E51C9E-5FAF-48FC-8B21-E869D6982B68}.Debug|Any CPU.Build.0 = Debug|Any CPU
		{94E51C9E-5FAF-48FC-8B21-E869D6982B68}.Release|Any CPU.ActiveCfg = Release|Any CPU
		{94E51C9E-5FAF-48FC-8B21-E869D6982B68}.Release|Any CPU.Build.0 = Release|Any CPU
		{F034E4D6-59DA-462D-8A3C-918D73C5595A}.Debug|Any CPU.ActiveCfg = Debug|Any CPU
		{F034E4D6-59DA-462D-8A3C-918D73C5595A}.Debug|Any CPU.Build.0 = Debug|Any CPU
		{F034E4D6-59DA-462D-8A3C-918D73C5595A}.Release|Any CPU.ActiveCfg = Release|Any CPU
		{F034E4D6-59DA-462D-8A3C-918D73C5595A}.Release|Any CPU.Build.0 = Release|Any CPU
		{B25E36C3-99E5-4D67-B1F4-852CD2BBD023}.Debug|Any CPU.ActiveCfg = Debug|Any CPU
		{B25E36C3-99E5-4D67-B1F4-852CD2BBD023}.Debug|Any CPU.Build.0 = Debug|Any CPU
		{B25E36C3-99E5-4D67-B1F4-852CD2BBD023}.Release|Any CPU.ActiveCfg = Release|Any CPU
		{B25E36C3-99E5-4D67-B1F4-852CD2BBD023}.Release|Any CPU.Build.0 = Release|Any CPU
		{D933C03A-68ED-4894-9630-EDFBC5B72522}.Debug|Any CPU.ActiveCfg = Debug|Any CPU
		{D933C03A-68ED-4894-9630-EDFBC5B72522}.Debug|Any CPU.Build.0 = Debug|Any CPU
		{D933C03A-68ED-4894-9630-EDFBC5B72522}.Release|Any CPU.ActiveCfg = Release|Any CPU
		{D933C03A-68ED-4894-9630-EDFBC5B72522}.Release|Any CPU.Build.0 = Release|Any CPU
		{6395C17A-B434-4584-B94A-70C37DDF2A63}.Debug|Any CPU.ActiveCfg = Debug|Any CPU
		{6395C17A-B434-4584-B94A-70C37DDF2A63}.Debug|Any CPU.Build.0 = Debug|Any CPU
		{6395C17A-B434-4584-B94A-70C37DDF2A63}.Release|Any CPU.ActiveCfg = Release|Any CPU
		{6395C17A-B434-4584-B94A-70C37DDF2A63}.Release|Any CPU.Build.0 = Release|Any CPU
		{52444FA2-9C66-4326-9460-6A7B724689C1}.Debug|Any CPU.ActiveCfg = Debug|Any CPU
		{52444FA2-9C66-4326-9460-6A7B724689C1}.Debug|Any CPU.Build.0 = Debug|Any CPU
		{52444FA2-9C66-4326-9460-6A7B724689C1}.Release|Any CPU.ActiveCfg = Release|Any CPU
		{52444FA2-9C66-4326-9460-6A7B724689C1}.Release|Any CPU.Build.0 = Release|Any CPU
		{1FC86AF8-D508-45E9-B02D-6D8B1BC76A8D}.Debug|Any CPU.ActiveCfg = Debug|Any CPU
		{1FC86AF8-D508-45E9-B02D-6D8B1BC76A8D}.Debug|Any CPU.Build.0 = Debug|Any CPU
		{1FC86AF8-D508-45E9-B02D-6D8B1BC76A8D}.Release|Any CPU.ActiveCfg = Release|Any CPU
		{1FC86AF8-D508-45E9-B02D-6D8B1BC76A8D}.Release|Any CPU.Build.0 = Release|Any CPU
	EndGlobalSection
	GlobalSection(SolutionProperties) = preSolution
		HideSolutionNode = FALSE
	EndGlobalSection
	GlobalSection(NestedProjects) = preSolution
		{94E51C9E-5FAF-48FC-8B21-E869D6982B68} = {6E50E0FD-1AE9-4B4D-9C90-F82C8D6F3372}
		{F034E4D6-59DA-462D-8A3C-918D73C5595A} = {36336692-A7A8-4FE9-8B18-68C8A14F792C}
		{B25E36C3-99E5-4D67-B1F4-852CD2BBD023} = {C84A15E9-C3E5-4C4A-8E39-82E0F2345EEC}
		{D933C03A-68ED-4894-9630-EDFBC5B72522} = {C84A15E9-C3E5-4C4A-8E39-82E0F2345EEC}
		{6395C17A-B434-4584-B94A-70C37DDF2A63} = {C84A15E9-C3E5-4C4A-8E39-82E0F2345EEC}
		{52444FA2-9C66-4326-9460-6A7B724689C1} = {C84A15E9-C3E5-4C4A-8E39-82E0F2345EEC}
		{1FC86AF8-D508-45E9-B02D-6D8B1BC76A8D} = {C84A15E9-C3E5-4C4A-8E39-82E0F2345EEC}
	EndGlobalSection
	GlobalSection(ExtensibilityGlobals) = postSolution
		SolutionGuid = {A583C2EE-F158-4F23-8B35-87591203C96E}
	EndGlobalSection
EndGlobal
